
Microsoft Visual Studio Solution File, Format Version 12.00
# Visual Studio Version 17
VisualStudioVersion = 17.11.35219.272
MinimumVisualStudioVersion = 10.0.40219.1
Project("{FAE04EC0-301F-11D3-BF4B-00C04F79EFBC}") = "DiveLogApplication", "DiveLogApplication.csproj", "{016CB4B4-E110-4DCD-A321-605D177F7803}"
EndProject
Global
	GlobalSection(SolutionConfigurationPlatforms) = preSolution
		Debug|Any CPU = Debug|Any CPU
		Release|Any CPU = Release|Any CPU
	EndGlobalSection
	GlobalSection(ProjectConfigurationPlatforms) = postSolution
		{016CB4B4-E110-4DCD-A321-605D177F7803}.Debug|Any CPU.ActiveCfg = Debug|Any CPU
		{016CB4B4-E110-4DCD-A321-605D177F7803}.Debug|Any CPU.Build.0 = Debug|Any CPU
		{016CB4B4-E110-4DCD-A321-605D177F7803}.Release|Any CPU.ActiveCfg = Release|Any CPU
		{016CB4B4-E110-4DCD-A321-605D177F7803}.Release|Any CPU.Build.0 = Release|Any CPU
	EndGlobalSection
	GlobalSection(SolutionProperties) = preSolution
		HideSolutionNode = FALSE
	EndGlobalSection
	GlobalSection(ExtensibilityGlobals) = postSolution
		SolutionGuid = {BE5D810B-A986-408B-AD4D-E96E6C519A56}
	EndGlobalSection
EndGlobal
